
Microsoft Visual Studio Solution File, Format Version 12.00
# Visual Studio 15
VisualStudioVersion = 15.0.27004.2005
MinimumVisualStudioVersion = 10.0.40219.1
Project("{FAE04EC0-301F-11D3-BF4B-00C04F79EFBC}") = "CarsInventory", "CarsInventory\CarsInventory.csproj", "{C4A13B7E-0513-40E7-8F7F-7FE0EDB18EF9}"
EndProject
Global
	GlobalSection(SolutionConfigurationPlatforms) = preSolution
		Debug|Any CPU = Debug|Any CPU
		Release|Any CPU = Release|Any CPU
	EndGlobalSection
	GlobalSection(ProjectConfigurationPlatforms) = postSolution
		{C4A13B7E-0513-40E7-8F7F-7FE0EDB18EF9}.Debug|Any CPU.ActiveCfg = Debug|Any CPU
		{C4A13B7E-0513-40E7-8F7F-7FE0EDB18EF9}.Debug|Any CPU.Build.0 = Debug|Any CPU
		{C4A13B7E-0513-40E7-8F7F-7FE0EDB18EF9}.Release|Any CPU.ActiveCfg = Release|Any CPU
		{C4A13B7E-0513-40E7-8F7F-7FE0EDB18EF9}.Release|Any CPU.Build.0 = Release|Any CPU
	EndGlobalSection
	GlobalSection(SolutionProperties) = preSolution
		HideSolutionNode = FALSE
	EndGlobalSection
	GlobalSection(ExtensibilityGlobals) = postSolution
		SolutionGuid = {92EF8FB3-A350-48F4-8DAF-F6D15EA38C66}
	EndGlobalSection
EndGlobal
